<?xml version="1.0" encoding="utf-8"?>
<Project ToolsVersion="4.0" xmlns="http://schemas.microsoft.com/developer/msbuild/2003">
  <ItemGroup>
    <ClCompile Include="main.cpp" />
    <ClCompile Include="SineOscillator.cpp">
      <Filter>Signal Generation\Oscillators</Filter>
    </ClCompile>
    <ClCompile Include="SquareOscillator.cpp">
      <Filter>Signal Generation\Oscillators</Filter>
    </ClCompile>
    <ClCompile Include="Logger.cpp">
      <Filter>Miscellaneous\Debugging</Filter>
    </ClCompile>
    <ClCompile Include="Operator.cpp">
      <Filter>Signal Generation\Algorithm</Filter>
    </ClCompile>
    <ClCompile Include="WaveGenerator.cpp">
      <Filter>Signal Generation</Filter>
    </ClCompile>
    <ClCompile Include="AlgorithmGenerator.cpp">
      <Filter>Signal Generation\Algorithm\Algorithm Generation</Filter>
    </ClCompile>
    <ClCompile Include="Cascade.cpp">
      <Filter>Signal Generation\Algorithm\Algorithm Generation\Structures</Filter>
    </ClCompile>
    <ClCompile Include="Feedback.cpp">
      <Filter>Signal Generation\Algorithm\Algorithm Generation\Structures</Filter>
    </ClCompile>
    <ClCompile Include="Parallel.cpp">
      <Filter>Signal Generation\Algorithm\Algorithm Generation\Structures</Filter>
    </ClCompile>
    <ClCompile Include="Algorithm.cpp">
      <Filter>Signal Generation\Algorithm\Algorithm Generation</Filter>
    </ClCompile>
    <ClCompile Include="Voice.cpp">
      <Filter>SynthEngine</Filter>
    </ClCompile>
    <ClCompile Include="Channel.cpp">
      <Filter>SynthEngine</Filter>
    </ClCompile>
    <ClCompile Include="RtMidi.cpp" />
    <ClCompile Include="Renderer.cpp">
      <Filter>SynthEngine</Filter>
    </ClCompile>
    <ClCompile Include="Binasc.cpp">
      <Filter>Midi IO Temp</Filter>
    </ClCompile>
    <ClCompile Include="MidiEvent.cpp">
      <Filter>Midi IO Temp</Filter>
    </ClCompile>
    <ClCompile Include="MidiEventList.cpp">
      <Filter>Midi IO Temp</Filter>
    </ClCompile>
    <ClCompile Include="MidiFile.cpp">
      <Filter>Midi IO Temp</Filter>
    </ClCompile>
    <ClCompile Include="MidiMessage.cpp">
      <Filter>Midi IO Temp</Filter>
    </ClCompile>
    <ClCompile Include="Clock.cpp">
      <Filter>SynthEngine</Filter>
    </ClCompile>
    <ClCompile Include="FastMath.cpp">
      <Filter>Miscellaneous</Filter>
    </ClCompile>
    <ClCompile Include="EnvelopeGenerator.cpp">
      <Filter>Signal Generation\Envelope Generation</Filter>
    </ClCompile>
    <ClCompile Include="StringHelper.cpp">
      <Filter>File IO</Filter>
    </ClCompile>
    <ClCompile Include="PatchFileLoader.cpp">
      <Filter>File IO\Patch Files</Filter>
    </ClCompile>
    <ClCompile Include="SoundEngine.cpp">
      <Filter>SynthEngine</Filter>
    </ClCompile>
    <ClCompile Include="Encoder.cpp" />
    <ClCompile Include="FileOut.cpp">
      <Filter>SynthEngine\Data Streams</Filter>
    </ClCompile>
    <ClCompile Include="FileIn.cpp">
      <Filter>SynthEngine\Data Streams</Filter>
    </ClCompile>
    <ClCompile Include="Patch.cpp">
      <Filter>File IO\Patch Files</Filter>
    </ClCompile>
  </ItemGroup>
  <ItemGroup>
    <Filter Include="Signal Generation">
      <UniqueIdentifier>{d519364e-7708-4c13-84bd-b6f1c1a19ab7}</UniqueIdentifier>
    </Filter>
    <Filter Include="Signal Generation\Oscillators">
      <UniqueIdentifier>{2eb342ec-9c5b-491c-b04a-118a042de81f}</UniqueIdentifier>
    </Filter>
    <Filter Include="Signal Generation\Algorithm">
      <UniqueIdentifier>{dab80382-20ba-4369-848e-9d8ff7df4c1f}</UniqueIdentifier>
    </Filter>
    <Filter Include="Signal Generation\Algorithm\Algorithm Generation">
      <UniqueIdentifier>{5afb02de-0a11-4daf-9474-b0276b8af98c}</UniqueIdentifier>
    </Filter>
    <Filter Include="Signal Generation\Algorithm\Algorithm Generation\Structures">
      <UniqueIdentifier>{a4a7766e-dc30-49b6-9af3-7d3770933cea}</UniqueIdentifier>
    </Filter>
    <Filter Include="SynthEngine">
      <UniqueIdentifier>{3ce3ef23-aa1d-4f7b-9012-8a3511b048cc}</UniqueIdentifier>
    </Filter>
    <Filter Include="Midi IO Temp">
      <UniqueIdentifier>{df0ebf5c-294f-4909-a595-99fd18aa55e4}</UniqueIdentifier>
    </Filter>
    <Filter Include="Miscellaneous">
      <UniqueIdentifier>{3a521746-a27a-4993-9d1a-239bf8493ff7}</UniqueIdentifier>
    </Filter>
    <Filter Include="Miscellaneous\Debugging">
      <UniqueIdentifier>{6b2be892-c83a-4d6c-9344-7cc9aeb5c33f}</UniqueIdentifier>
    </Filter>
    <Filter Include="Signal Generation\Envelope Generation">
      <UniqueIdentifier>{6157aa22-0b00-4ec4-8c8e-93e7a72bc110}</UniqueIdentifier>
    </Filter>
    <Filter Include="File IO">
      <UniqueIdentifier>{d160cb2d-3b28-40d2-8d91-0d13f9e564e0}</UniqueIdentifier>
    </Filter>
    <Filter Include="File IO\Patch Files">
      <UniqueIdentifier>{de6aba4f-82f4-4a9f-a15d-872c04bb380f}</UniqueIdentifier>
    </Filter>
    <Filter Include="SynthEngine\Data Streams">
      <UniqueIdentifier>{2c7b2e4c-cd97-436e-84f5-564588c5f23d}</UniqueIdentifier>
    </Filter>
    <Filter Include="SynthEngine\Data Streams\Interfaces">
      <UniqueIdentifier>{491bba5c-03b7-4d9f-9207-b26190c6eea6}</UniqueIdentifier>
    </Filter>
  </ItemGroup>
  <ItemGroup>
    <ClInclude Include="Oscillator.h">
      <Filter>Signal Generation\Oscillators</Filter>
    </ClInclude>
    <ClInclude Include="SineOscillator.h">
      <Filter>Signal Generation\Oscillators</Filter>
    </ClInclude>
    <ClInclude Include="SquareOscillator.h">
      <Filter>Signal Generation\Oscillators</Filter>
    </ClInclude>
    <ClInclude Include="Logger.h">
      <Filter>Miscellaneous\Debugging</Filter>
    </ClInclude>
    <ClInclude Include="Operator.h">
      <Filter>Signal Generation\Algorithm</Filter>
    </ClInclude>
    <ClInclude Include="WaveGenerator.h">
      <Filter>Signal Generation</Filter>
    </ClInclude>
    <ClInclude Include="AlgorithmGenerator.h">
      <Filter>Signal Generation\Algorithm\Algorithm Generation</Filter>
    </ClInclude>
    <ClInclude Include="Parallel.h">
      <Filter>Signal Generation\Algorithm\Algorithm Generation\Structures</Filter>
    </ClInclude>
    <ClInclude Include="Block.h">
      <Filter>Signal Generation\Algorithm\Algorithm Generation\Structures</Filter>
    </ClInclude>
    <ClInclude Include="Cascade.h">
      <Filter>Signal Generation\Algorithm\Algorithm Generation\Structures</Filter>
    </ClInclude>
    <ClInclude Include="Feedback.h">
      <Filter>Signal Generation\Algorithm\Algorithm Generation\Structures</Filter>
    </ClInclude>
    <ClInclude Include="Algorithm.h">
      <Filter>Signal Generation\Algorithm\Algorithm Generation</Filter>
    </ClInclude>
    <ClInclude Include="Voice.h">
      <Filter>SynthEngine</Filter>
    </ClInclude>
    <ClInclude Include="Channel.h">
      <Filter>SynthEngine</Filter>
    </ClInclude>
    <ClInclude Include="RtMidi.h" />
    <ClInclude Include="Renderer.h">
      <Filter>SynthEngine</Filter>
    </ClInclude>
    <ClInclude Include="Binasc.h">
      <Filter>Midi IO Temp</Filter>
    </ClInclude>
    <ClInclude Include="MidiEvent.h">
      <Filter>Midi IO Temp</Filter>
    </ClInclude>
    <ClInclude Include="MidiEventList.h">
      <Filter>Midi IO Temp</Filter>
    </ClInclude>
    <ClInclude Include="MidiFile.h">
      <Filter>Midi IO Temp</Filter>
    </ClInclude>
    <ClInclude Include="MidiMessage.h">
      <Filter>Midi IO Temp</Filter>
    </ClInclude>
    <ClInclude Include="Clock.h">
      <Filter>SynthEngine</Filter>
    </ClInclude>
    <ClInclude Include="FastMath.h">
      <Filter>Miscellaneous</Filter>
    </ClInclude>
    <ClInclude Include="EnvelopeGenerator.h">
      <Filter>Signal Generation\Envelope Generation</Filter>
    </ClInclude>
    <ClInclude Include="StringHelper.h">
      <Filter>File IO</Filter>
    </ClInclude>
    <ClInclude Include="PatchFileLoader.h">
      <Filter>File IO\Patch Files</Filter>
    </ClInclude>
    <ClInclude Include="InputInterface.h">
      <Filter>SynthEngine\Data Streams\Interfaces</Filter>
    </ClInclude>
    <ClInclude Include="OutputInterface.h">
      <Filter>SynthEngine\Data Streams\Interfaces</Filter>
    </ClInclude>
    <ClInclude Include="SoundEngine.h">
      <Filter>SynthEngine</Filter>
    </ClInclude>
    <ClInclude Include="Encoder.h" />
    <ClInclude Include="FileOut.h">
      <Filter>SynthEngine\Data Streams</Filter>
    </ClInclude>
    <ClInclude Include="FileIn.h">
      <Filter>SynthEngine\Data Streams</Filter>
    </ClInclude>
    <ClInclude Include="Patch.h">
      <Filter>File IO\Patch Files</Filter>
    </ClInclude>
  </ItemGroup>
  <ItemGroup>
    <Text Include="Notes.txt" />
  </ItemGroup>
</Project>